
Microsoft Visual Studio Solution File, Format Version 12.00
# Visual Studio Version 17
VisualStudioVersion = 17.10.35027.167
MinimumVisualStudioVersion = 10.0.40219.1
Project("{FAE04EC0-301F-11D3-BF4B-00C04F79EFBC}") = "CarrentlyTheBestAPI", "CarrentlyTheBestAPI\CarrentlyTheBestAPI.csproj", "{FA9657CC-D803-4D57-B60E-FC4553AFFA92}"
EndProject
Global
	GlobalSection(SolutionConfigurationPlatforms) = preSolution
		Debug|Any CPU = Debug|Any CPU
		Release|Any CPU = Release|Any CPU
	EndGlobalSection
	GlobalSection(ProjectConfigurationPlatforms) = postSolution
		{FA9657CC-D803-4D57-B60E-FC4553AFFA92}.Debug|Any CPU.ActiveCfg = Debug|Any CPU
		{FA9657CC-D803-4D57-B60E-FC4553AFFA92}.Debug|Any CPU.Build.0 = Debug|Any CPU
		{FA9657CC-D803-4D57-B60E-FC4553AFFA92}.Release|Any CPU.ActiveCfg = Release|Any CPU
		{FA9657CC-D803-4D57-B60E-FC4553AFFA92}.Release|Any CPU.Build.0 = Release|Any CPU
	EndGlobalSection
	GlobalSection(SolutionProperties) = preSolution
		HideSolutionNode = FALSE
	EndGlobalSection
	GlobalSection(ExtensibilityGlobals) = postSolution
		SolutionGuid = {797512ED-DFCA-4A19-B0E6-DEC2CE30B9CC}
	EndGlobalSection
EndGlobal
